
Microsoft Visual Studio Solution File, Format Version 12.00
# Visual Studio 15
VisualStudioVersion = 15.0.28307.421
MinimumVisualStudioVersion = 10.0.40219.1
Project("{FAE04EC0-301F-11D3-BF4B-00C04F79EFBC}") = "AdoNet_HW_6", "AdoNet_HW_6\AdoNet_HW_6.csproj", "{0651334B-1280-44D3-8AF3-68B7D3D56F08}"
EndProject
Global
	GlobalSection(SolutionConfigurationPlatforms) = preSolution
		Debug|Any CPU = Debug|Any CPU
		Release|Any CPU = Release|Any CPU
	EndGlobalSection
	GlobalSection(ProjectConfigurationPlatforms) = postSolution
		{0651334B-1280-44D3-8AF3-68B7D3D56F08}.Debug|Any CPU.ActiveCfg = Debug|Any CPU
		{0651334B-1280-44D3-8AF3-68B7D3D56F08}.Debug|Any CPU.Build.0 = Debug|Any CPU
		{0651334B-1280-44D3-8AF3-68B7D3D56F08}.Release|Any CPU.ActiveCfg = Release|Any CPU
		{0651334B-1280-44D3-8AF3-68B7D3D56F08}.Release|Any CPU.Build.0 = Release|Any CPU
	EndGlobalSection
	GlobalSection(SolutionProperties) = preSolution
		HideSolutionNode = FALSE
	EndGlobalSection
	GlobalSection(ExtensibilityGlobals) = postSolution
		SolutionGuid = {8DE12BCF-E9FC-4036-85DF-576E0670663D}
	EndGlobalSection
EndGlobal
